
Microsoft Visual Studio Solution File, Format Version 12.00
# Visual Studio Version 16
VisualStudioVersion = 16.0.30503.244
MinimumVisualStudioVersion = 10.0.40219.1
Project("{9A19103F-16F7-4668-BE54-9A1E7A4F7556}") = "AspNet_UploadImagem", "AspNet_UploadImagem\AspNet_UploadImagem.csproj", "{92F7C937-2823-4C89-8328-04D47B9BEB99}"
EndProject
Global
	GlobalSection(SolutionConfigurationPlatforms) = preSolution
		Debug|Any CPU = Debug|Any CPU
		Release|Any CPU = Release|Any CPU
	EndGlobalSection
	GlobalSection(ProjectConfigurationPlatforms) = postSolution
		{92F7C937-2823-4C89-8328-04D47B9BEB99}.Debug|Any CPU.ActiveCfg = Debug|Any CPU
		{92F7C937-2823-4C89-8328-04D47B9BEB99}.Debug|Any CPU.Build.0 = Debug|Any CPU
		{92F7C937-2823-4C89-8328-04D47B9BEB99}.Release|Any CPU.ActiveCfg = Release|Any CPU
		{92F7C937-2823-4C89-8328-04D47B9BEB99}.Release|Any CPU.Build.0 = Release|Any CPU
	EndGlobalSection
	GlobalSection(SolutionProperties) = preSolution
		HideSolutionNode = FALSE
	EndGlobalSection
	GlobalSection(ExtensibilityGlobals) = postSolution
		SolutionGuid = {B6A19E55-8678-4EC1-BAB9-E3D7446AAC81}
	EndGlobalSection
EndGlobal
